// !$*UTF8*$!
{
	archiveVersion = 1;
	classes = {
	};
	objectVersion = 46;
	objects = {

/* Begin PBXBuildFile section */
		0A7A78D71A9235E200FE919F /* main.cpp in Sources */ = {isa = PBXBuildFile; fileRef = 0A7A78D61A9235E200FE919F /* main.cpp */; };
		0A7A78E01A92381800FE919F /* XMLGen.cpp in Sources */ = {isa = PBXBuildFile; fileRef = 0A7A78DE1A92381800FE919F /* XMLGen.cpp */; };
		0AEA1D5F1A92EA98001D1D4F /* Map.cpp in Sources */ = {isa = PBXBuildFile; fileRef = 0AEA1D5D1A92EA98001D1D4F /* Map.cpp */; };
		0AEA1D621A92EAFE001D1D4F /* Character.cpp in Sources */ = {isa = PBXBuildFile; fileRef = 0AEA1D601A92EAFE001D1D4F /* Character.cpp */; };
		0AEA1D671A930CC0001D1D4F /* language.l in Sources */ = {isa = PBXBuildFile; fileRef = 0AEA1D661A930CC0001D1D4F /* language.l */; };
		0AEA1D691A930CCE001D1D4F /* language.y in Sources */ = {isa = PBXBuildFile; fileRef = 0AEA1D681A930CCE001D1D4F /* language.y */; };
		0AEA1D6C1A9317A1001D1D4F /* warper.cpp in Sources */ = {isa = PBXBuildFile; fileRef = 0AEA1D6A1A9317A1001D1D4F /* warper.cpp */; };
		0AEA1D6F1A931B73001D1D4F /* AI.cpp in Sources */ = {isa = PBXBuildFile; fileRef = 0AEA1D6D1A931B73001D1D4F /* AI.cpp */; };
/* End PBXBuildFile section */

/* Begin PBXCopyFilesBuildPhase section */
		0A7A78D11A9235E200FE919F /* CopyFiles */ = {
			isa = PBXCopyFilesBuildPhase;
			buildActionMask = 2147483647;
			dstPath = /usr/share/man/man1/;
			dstSubfolderSpec = 0;
			files = (
			);
			runOnlyForDeploymentPostprocessing = 1;
		};
/* End PBXCopyFilesBuildPhase section */

/* Begin PBXFileReference section */
		0A7A78D31A9235E200FE919F /* ProjectTitan */ = {isa = PBXFileReference; explicitFileType = "compiled.mach-o.executable"; includeInIndex = 0; path = ProjectTitan; sourceTree = BUILT_PRODUCTS_DIR; };
		0A7A78D61A9235E200FE919F /* main.cpp */ = {isa = PBXFileReference; lastKnownFileType = sourcecode.cpp.cpp; path = main.cpp; sourceTree = "<group>"; };
		0A7A78DE1A92381800FE919F /* XMLGen.cpp */ = {isa = PBXFileReference; fileEncoding = 4; lastKnownFileType = sourcecode.cpp.cpp; path = XMLGen.cpp; sourceTree = "<group>"; };
		0A7A78DF1A92381800FE919F /* XMLGen.h */ = {isa = PBXFileReference; fileEncoding = 4; lastKnownFileType = sourcecode.c.h; path = XMLGen.h; sourceTree = "<group>"; };
		0AEA1D5D1A92EA98001D1D4F /* Map.cpp */ = {isa = PBXFileReference; fileEncoding = 4; lastKnownFileType = sourcecode.cpp.cpp; path = Map.cpp; sourceTree = "<group>"; };
		0AEA1D5E1A92EA98001D1D4F /* Map.h */ = {isa = PBXFileReference; fileEncoding = 4; lastKnownFileType = sourcecode.c.h; path = Map.h; sourceTree = "<group>"; };
		0AEA1D601A92EAFE001D1D4F /* Character.cpp */ = {isa = PBXFileReference; fileEncoding = 4; lastKnownFileType = sourcecode.cpp.cpp; path = Character.cpp; sourceTree = "<group>"; };
		0AEA1D611A92EAFE001D1D4F /* Character.h */ = {isa = PBXFileReference; fileEncoding = 4; lastKnownFileType = sourcecode.c.h; path = Character.h; sourceTree = "<group>"; };
		0AEA1D661A930CC0001D1D4F /* language.l */ = {isa = PBXFileReference; fileEncoding = 4; lastKnownFileType = sourcecode.lex; path = language.l; sourceTree = "<group>"; };
		0AEA1D681A930CCE001D1D4F /* language.y */ = {isa = PBXFileReference; fileEncoding = 4; lastKnownFileType = sourcecode.yacc; path = language.y; sourceTree = "<group>"; };
		0AEA1D6A1A9317A1001D1D4F /* warper.cpp */ = {isa = PBXFileReference; fileEncoding = 4; lastKnownFileType = sourcecode.cpp.cpp; path = warper.cpp; sourceTree = "<group>"; };
		0AEA1D6B1A9317A1001D1D4F /* warper.h */ = {isa = PBXFileReference; fileEncoding = 4; lastKnownFileType = sourcecode.c.h; path = warper.h; sourceTree = "<group>"; };
		0AEA1D6D1A931B73001D1D4F /* AI.cpp */ = {isa = PBXFileReference; fileEncoding = 4; lastKnownFileType = sourcecode.cpp.cpp; path = AI.cpp; sourceTree = "<group>"; };
		0AEA1D6E1A931B73001D1D4F /* AI.h */ = {isa = PBXFileReference; fileEncoding = 4; lastKnownFileType = sourcecode.c.h; path = AI.h; sourceTree = "<group>"; };
/* End PBXFileReference section */

/* Begin PBXFrameworksBuildPhase section */
		0A7A78D01A9235E200FE919F /* Frameworks */ = {
			isa = PBXFrameworksBuildPhase;
			buildActionMask = 2147483647;
			files = (
			);
			runOnlyForDeploymentPostprocessing = 0;
		};
/* End PBXFrameworksBuildPhase section */

/* Begin PBXGroup section */
		0A7A78CA1A9235E200FE919F = {
			isa = PBXGroup;
			children = (
				0A7A78D51A9235E200FE919F /* ProjectTitan */,
				0A7A78D41A9235E200FE919F /* Products */,
			);
			sourceTree = "<group>";
		};
		0A7A78D41A9235E200FE919F /* Products */ = {
			isa = PBXGroup;
			children = (
				0A7A78D31A9235E200FE919F /* ProjectTitan */,
			);
			name = Products;
			sourceTree = "<group>";
		};
		0A7A78D51A9235E200FE919F /* ProjectTitan */ = {
			isa = PBXGroup;
			children = (
				0A7A78D61A9235E200FE919F /* main.cpp */,
				0AEA1D5D1A92EA98001D1D4F /* Map.cpp */,
				0AEA1D5E1A92EA98001D1D4F /* Map.h */,
				0A7A78DE1A92381800FE919F /* XMLGen.cpp */,
				0A7A78DF1A92381800FE919F /* XMLGen.h */,
				0AEA1D601A92EAFE001D1D4F /* Character.cpp */,
				0AEA1D611A92EAFE001D1D4F /* Character.h */,
				0AEA1D661A930CC0001D1D4F /* language.l */,
				0AEA1D681A930CCE001D1D4F /* language.y */,
				0AEA1D6A1A9317A1001D1D4F /* warper.cpp */,
				0AEA1D6B1A9317A1001D1D4F /* warper.h */,
				0AEA1D6D1A931B73001D1D4F /* AI.cpp */,
				0AEA1D6E1A931B73001D1D4F /* AI.h */,
			);
			path = ProjectTitan;
			sourceTree = "<group>";
		};
/* End PBXGroup section */

/* Begin PBXNativeTarget section */
		0A7A78D21A9235E200FE919F /* ProjectTitan */ = {
			isa = PBXNativeTarget;
			buildConfigurationList = 0A7A78DA1A9235E200FE919F /* Build configuration list for PBXNativeTarget "ProjectTitan" */;
			buildPhases = (
				0A7A78CF1A9235E200FE919F /* Sources */,
				0A7A78D01A9235E200FE919F /* Frameworks */,
				0A7A78D11A9235E200FE919F /* CopyFiles */,
			);
			buildRules = (
			);
			dependencies = (
			);
			name = ProjectTitan;
			productName = ProjectTitan;
			productReference = 0A7A78D31A9235E200FE919F /* ProjectTitan */;
			productType = "com.apple.product-type.tool";
		};
/* End PBXNativeTarget section */

/* Begin PBXProject section */
		0A7A78CB1A9235E200FE919F /* Project object */ = {
			isa = PBXProject;
			attributes = {
				LastUpgradeCheck = 0610;
				ORGANIZATIONNAME = "Must Studio";
				TargetAttributes = {
					0A7A78D21A9235E200FE919F = {
						CreatedOnToolsVersion = 6.1.1;
					};
				};
			};
			buildConfigurationList = 0A7A78CE1A9235E200FE919F /* Build configuration list for PBXProject "ProjectTitan" */;
			compatibilityVersion = "Xcode 3.2";
			developmentRegion = English;
			hasScannedForEncodings = 0;
			knownRegions = (
				en,
			);
			mainGroup = 0A7A78CA1A9235E200FE919F;
			productRefGroup = 0A7A78D41A9235E200FE919F /* Products */;
			projectDirPath = "";
			projectRoot = "";
			targets = (
				0A7A78D21A9235E200FE919F /* ProjectTitan */,
			);
		};
/* End PBXProject section */

/* Begin PBXSourcesBuildPhase section */
		0A7A78CF1A9235E200FE919F /* Sources */ = {
			isa = PBXSourcesBuildPhase;
			buildActionMask = 2147483647;
			files = (
				0AEA1D671A930CC0001D1D4F /* language.l in Sources */,
				0AEA1D6F1A931B73001D1D4F /* AI.cpp in Sources */,
				0AEA1D691A930CCE001D1D4F /* language.y in Sources */,
				0AEA1D5F1A92EA98001D1D4F /* Map.cpp in Sources */,
				0A7A78E01A92381800FE919F /* XMLGen.cpp in Sources */,
				0A7A78D71A9235E200FE919F /* main.cpp in Sources */,
				0AEA1D6C1A9317A1001D1D4F /* warper.cpp in Sources */,
				0AEA1D621A92EAFE001D1D4F /* Character.cpp in Sources */,
			);
			runOnlyForDeploymentPostprocessing = 0;
		};
/* End PBXSourcesBuildPhase section */

/* Begin XCBuildConfiguration section */
		0A7A78D81A9235E200FE919F /* Debug */ = {
			isa = XCBuildConfiguration;
			buildSettings = {
				ALWAYS_SEARCH_USER_PATHS = NO;
				CLANG_CXX_LANGUAGE_STANDARD = "gnu++0x";
				CLANG_CXX_LIBRARY = "libc++";
				CLANG_ENABLE_MODULES = YES;
				CLANG_ENABLE_OBJC_ARC = YES;
				CLANG_WARN_BOOL_CONVERSION = YES;
				CLANG_WARN_CONSTANT_CONVERSION = YES;
				CLANG_WARN_DIRECT_OBJC_ISA_USAGE = YES_ERROR;
				CLANG_WARN_EMPTY_BODY = YES;
				CLANG_WARN_ENUM_CONVERSION = YES;
				CLANG_WARN_INT_CONVERSION = YES;
				CLANG_WARN_OBJC_ROOT_CLASS = YES_ERROR;
				CLANG_WARN_UNREACHABLE_CODE = YES;
				CLANG_WARN__DUPLICATE_METHOD_MATCH = YES;
				COPY_PHASE_STRIP = NO;
				ENABLE_STRICT_OBJC_MSGSEND = YES;
				GCC_C_LANGUAGE_STANDARD = gnu99;
				GCC_DYNAMIC_NO_PIC = NO;
				GCC_OPTIMIZATION_LEVEL = 0;
				GCC_PREPROCESSOR_DEFINITIONS = (
					"DEBUG=1",
					"$(inherited)",
				);
				GCC_SYMBOLS_PRIVATE_EXTERN = NO;
				GCC_WARN_64_TO_32_BIT_CONVERSION = YES;
				GCC_WARN_ABOUT_RETURN_TYPE = YES_ERROR;
				GCC_WARN_UNDECLARED_SELECTOR = YES;
				GCC_WARN_UNINITIALIZED_AUTOS = YES_AGGRESSIVE;
				GCC_WARN_UNUSED_FUNCTION = YES;
				GCC_WARN_UNUSED_VARIABLE = YES;
				MACOSX_DEPLOYMENT_TARGET = 10.10;
				MTL_ENABLE_DEBUG_INFO = YES;
				ONLY_ACTIVE_ARCH = YES;
				SDKROOT = macosx;
			};
			name = Debug;
		};
		0A7A78D91A9235E200FE919F /* Release */ = {
			isa = XCBuildConfiguration;
			buildSettings = {
				ALWAYS_SEARCH_USER_PATHS = NO;
				CLANG_CXX_LANGUAGE_STANDARD = "gnu++0x";
				CLANG_CXX_LIBRARY = "libc++";
				CLANG_ENABLE_MODULES = YES;
				CLANG_ENABLE_OBJC_ARC = YES;
				CLANG_WARN_BOOL_CONVERSION = YES;
				CLANG_WARN_CONSTANT_CONVERSION = YES;
				CLANG_WARN_DIRECT_OBJC_ISA_USAGE = YES_ERROR;
				CLANG_WARN_EMPTY_BODY = YES;
				CLANG_WARN_ENUM_CONVERSION = YES;
				CLANG_WARN_INT_CONVERSION = YES;
				CLANG_WARN_OBJC_ROOT_CLASS = YES_ERROR;
				CLANG_WARN_UNREACHABLE_CODE = YES;
				CLANG_WARN__DUPLICATE_METHOD_MATCH = YES;
				COPY_PHASE_STRIP = YES;
				DEBUG_INFORMATION_FORMAT = "dwarf-with-dsym";
				ENABLE_NS_ASSERTIONS = NO;
				ENABLE_STRICT_OBJC_MSGSEND = YES;
				GCC_C_LANGUAGE_STANDARD = gnu99;
				GCC_WARN_64_TO_32_BIT_CONVERSION = YES;
				GCC_WARN_ABOUT_RETURN_TYPE = YES_ERROR;
				GCC_WARN_UNDECLARED_SELECTOR = YES;
				GCC_WARN_UNINITIALIZED_AUTOS = YES_AGGRESSIVE;
				GCC_WARN_UNUSED_FUNCTION = YES;
				GCC_WARN_UNUSED_VARIABLE = YES;
				MACOSX_DEPLOYMENT_TARGET = 10.10;
				MTL_ENABLE_DEBUG_INFO = NO;
				SDKROOT = macosx;
			};
			name = Release;
		};
		0A7A78DB1A9235E200FE919F /* Debug */ = {
			isa = XCBuildConfiguration;
			buildSettings = {
				PRODUCT_NAME = "$(TARGET_NAME)";
			};
			name = Debug;
		};
		0A7A78DC1A9235E200FE919F /* Release */ = {
			isa = XCBuildConfiguration;
			buildSettings = {
				PRODUCT_NAME = "$(TARGET_NAME)";
			};
			name = Release;
		};
/* End XCBuildConfiguration section */

/* Begin XCConfigurationList section */
		0A7A78CE1A9235E200FE919F /* Build configuration list for PBXProject "ProjectTitan" */ = {
			isa = XCConfigurationList;
			buildConfigurations = (
				0A7A78D81A9235E200FE919F /* Debug */,
				0A7A78D91A9235E200FE919F /* Release */,
			);
			defaultConfigurationIsVisible = 0;
			defaultConfigurationName = Release;
		};
		0A7A78DA1A9235E200FE919F /* Build configuration list for PBXNativeTarget "ProjectTitan" */ = {
			isa = XCConfigurationList;
			buildConfigurations = (
				0A7A78DB1A9235E200FE919F /* Debug */,
				0A7A78DC1A9235E200FE919F /* Release */,
			);
			defaultConfigurationIsVisible = 0;
			defaultConfigurationName = Release;
		};
/* End XCConfigurationList section */
	};
	rootObject = 0A7A78CB1A9235E200FE919F /* Project object */;
}
